
Microsoft Visual Studio Solution File, Format Version 12.00
# Visual Studio Version 17
VisualStudioVersion = 17.2.32526.322
MinimumVisualStudioVersion = 10.0.40219.1
Project("{FAE04EC0-301F-11D3-BF4B-00C04F79EFBC}") = "broker", "broker.csproj", "{BDDC0E86-D47C-448F-8BB3-1D8F0A6A4EDD}"
EndProject
Global
	GlobalSection(SolutionConfigurationPlatforms) = preSolution
		Debug|Any CPU = Debug|Any CPU
		Release|Any CPU = Release|Any CPU
	EndGlobalSection
	GlobalSection(ProjectConfigurationPlatforms) = postSolution
		{BDDC0E86-D47C-448F-8BB3-1D8F0A6A4EDD}.Debug|Any CPU.ActiveCfg = Debug|Any CPU
		{BDDC0E86-D47C-448F-8BB3-1D8F0A6A4EDD}.Debug|Any CPU.Build.0 = Debug|Any CPU
		{BDDC0E86-D47C-448F-8BB3-1D8F0A6A4EDD}.Release|Any CPU.ActiveCfg = Release|Any CPU
		{BDDC0E86-D47C-448F-8BB3-1D8F0A6A4EDD}.Release|Any CPU.Build.0 = Release|Any CPU
	EndGlobalSection
	GlobalSection(SolutionProperties) = preSolution
		HideSolutionNode = FALSE
	EndGlobalSection
	GlobalSection(ExtensibilityGlobals) = postSolution
		SolutionGuid = {199DBF20-43F8-4CEA-866F-7D115EA60A1C}
	EndGlobalSection
EndGlobal
